# This file is automatically @generated by Poetry and should not be changed by hand.

[[package]]
name = "anyio"
version = "3.6.2"
description = "High level compatibility layer for multiple asynchronous event loop implementations"
category = "main"
optional = false
python-versions = ">=3.6.2"
files = [
    {file = "anyio-3.6.2-py3-none-any.whl", hash = "sha256:fbbe32bd270d2a2ef3ed1c5d45041250284e31fc0a4df4a5a6071842051a51e3"},
    {file = "anyio-3.6.2.tar.gz", hash = "sha256:25ea0d673ae30af41a0c442f81cf3b38c7e79fdc7b60335a4c14e05eb0947421"},
]

[package.dependencies]
idna = ">=2.8"
sniffio = ">=1.1"

[package.extras]
doc = ["packaging", "sphinx-autodoc-typehints (>=1.2.0)", "sphinx-rtd-theme"]
test = ["contextlib2", "coverage[toml] (>=4.5)", "hypothesis (>=4.0)", "mock (>=4)", "pytest (>=7.0)", "pytest-mock (>=3.6.1)", "trustme", "uvloop (<0.15)", "uvloop (>=0.15)"]
trio = ["trio (>=0.16,<0.22)"]

[[package]]
name = "certifi"
version = "2022.12.7"
description = "Python package for providing Mozilla's CA Bundle."
category = "main"
optional = false
python-versions = ">=3.6"
files = [
    {file = "certifi-2022.12.7-py3-none-any.whl", hash = "sha256:4ad3232f5e926d6718ec31cfc1fcadfde020920e278684144551c91769c7bc18"},
    {file = "certifi-2022.12.7.tar.gz", hash = "sha256:35824b4c3a97115964b408844d64aa14db1cc518f6562e8d7261699d1350a9e3"},
]

[[package]]
name = "h11"
version = "0.14.0"
description = "A pure-Python, bring-your-own-I/O implementation of HTTP/1.1"
category = "main"
optional = false
python-versions = ">=3.7"
files = [
    {file = "h11-0.14.0-py3-none-any.whl", hash = "sha256:e3fe4ac4b851c468cc8363d500db52c2ead036020723024a109d37346efaa761"},
    {file = "h11-0.14.0.tar.gz", hash = "sha256:8f19fbbe99e72420ff35c00b27a34cb9937e902a8b810e2c88300c6f0a3b699d"},
]

[[package]]
name = "httpcore"
version = "0.16.2"
description = "A minimal low-level HTTP client."
category = "main"
optional = false
python-versions = ">=3.7"
files = [
    {file = "httpcore-0.16.2-py3-none-any.whl", hash = "sha256:52c79095197178856724541e845f2db86d5f1527640d9254b5b8f6f6cebfdee6"},
    {file = "httpcore-0.16.2.tar.gz", hash = "sha256:c35c5176dc82db732acfd90b581a3062c999a72305df30c0fc8fafd8e4aca068"},
]

[package.dependencies]
anyio = ">=3.0,<5.0"
certifi = "*"
h11 = ">=0.13,<0.15"
sniffio = ">=1.0.0,<2.0.0"

[package.extras]
http2 = ["h2 (>=3,<5)"]
socks = ["socksio (>=1.0.0,<2.0.0)"]

[[package]]
name = "httpx"
version = "0.23.1"
description = "The next generation HTTP client."
category = "main"
optional = false
python-versions = ">=3.7"
files = [
    {file = "httpx-0.23.1-py3-none-any.whl", hash = "sha256:0b9b1f0ee18b9978d637b0776bfd7f54e2ca278e063e3586d8f01cda89e042a8"},
    {file = "httpx-0.23.1.tar.gz", hash = "sha256:202ae15319be24efe9a8bd4ed4360e68fde7b38bcc2ce87088d416f026667d19"},
]

[package.dependencies]
certifi = "*"
httpcore = ">=0.15.0,<0.17.0"
rfc3986 = {version = ">=1.3,<2", extras = ["idna2008"]}
sniffio = "*"

[package.extras]
brotli = ["brotli", "brotlicffi"]
cli = ["click (>=8.0.0,<9.0.0)", "pygments (>=2.0.0,<3.0.0)", "rich (>=10,<13)"]
http2 = ["h2 (>=3,<5)"]
socks = ["socksio (>=1.0.0,<2.0.0)"]

[[package]]
name = "idna"
version = "3.4"
description = "Internationalized Domain Names in Applications (IDNA)"
category = "main"
optional = false
python-versions = ">=3.5"
files = [
    {file = "idna-3.4-py3-none-any.whl", hash = "sha256:90b77e79eaa3eba6de819a0c442c0b4ceefc341a7a2ab77d7562bf49f425c5c2"},
    {file = "idna-3.4.tar.gz", hash = "sha256:814f528e8dead7d329833b91c5faa87d60bf71824cd12a7530b5526063d02cb4"},
]

[[package]]
name = "pywin32"
version = "305"
description = "Python for Window Extensions"
category = "main"
optional = false
python-versions = "*"
files = [
    {file = "pywin32-305-cp310-cp310-win32.whl", hash = "sha256:421f6cd86e84bbb696d54563c48014b12a23ef95a14e0bdba526be756d89f116"},
    {file = "pywin32-305-cp310-cp310-win_amd64.whl", hash = "sha256:73e819c6bed89f44ff1d690498c0a811948f73777e5f97c494c152b850fad478"},
    {file = "pywin32-305-cp310-cp310-win_arm64.whl", hash = "sha256:742eb905ce2187133a29365b428e6c3b9001d79accdc30aa8969afba1d8470f4"},
    {file = "pywin32-305-cp311-cp311-win32.whl", hash = "sha256:19ca459cd2e66c0e2cc9a09d589f71d827f26d47fe4a9d09175f6aa0256b51c2"},
    {file = "pywin32-305-cp311-cp311-win_amd64.whl", hash = "sha256:326f42ab4cfff56e77e3e595aeaf6c216712bbdd91e464d167c6434b28d65990"},
    {file = "pywin32-305-cp311-cp311-win_arm64.whl", hash = "sha256:4ecd404b2c6eceaca52f8b2e3e91b2187850a1ad3f8b746d0796a98b4cea04db"},
    {file = "pywin32-305-cp36-cp36m-win32.whl", hash = "sha256:48d8b1659284f3c17b68587af047d110d8c44837736b8932c034091683e05863"},
    {file = "pywin32-305-cp36-cp36m-win_amd64.whl", hash = "sha256:13362cc5aa93c2beaf489c9c9017c793722aeb56d3e5166dadd5ef82da021fe1"},
    {file = "pywin32-305-cp37-cp37m-win32.whl", hash = "sha256:a55db448124d1c1484df22fa8bbcbc45c64da5e6eae74ab095b9ea62e6d00496"},
    {file = "pywin32-305-cp37-cp37m-win_amd64.whl", hash = "sha256:109f98980bfb27e78f4df8a51a8198e10b0f347257d1e265bb1a32993d0c973d"},
    {file = "pywin32-305-cp38-cp38-win32.whl", hash = "sha256:9dd98384da775afa009bc04863426cb30596fd78c6f8e4e2e5bbf4edf8029504"},
    {file = "pywin32-305-cp38-cp38-win_amd64.whl", hash = "sha256:56d7a9c6e1a6835f521788f53b5af7912090674bb84ef5611663ee1595860fc7"},
    {file = "pywin32-305-cp39-cp39-win32.whl", hash = "sha256:9d968c677ac4d5cbdaa62fd3014ab241718e619d8e36ef8e11fb930515a1e918"},
    {file = "pywin32-305-cp39-cp39-win_amd64.whl", hash = "sha256:50768c6b7c3f0b38b7fb14dd4104da93ebced5f1a50dc0e834594bff6fbe1271"},
]

[[package]]
name = "rfc3986"
version = "1.5.0"
description = "Validating URI References per RFC 3986"
category = "main"
optional = false
python-versions = "*"
files = [
    {file = "rfc3986-1.5.0-py2.py3-none-any.whl", hash = "sha256:a86d6e1f5b1dc238b218b012df0aa79409667bb209e58da56d0b94704e712a97"},
    {file = "rfc3986-1.5.0.tar.gz", hash = "sha256:270aaf10d87d0d4e095063c65bf3ddbc6ee3d0b226328ce21e036f946e421835"},
]

[package.dependencies]
idna = {version = "*", optional = true, markers = "extra == \"idna2008\""}

[package.extras]
idna2008 = ["idna"]

[[package]]
name = "sniffio"
version = "1.3.0"
description = "Sniff out which async library your code is running under"
category = "main"
optional = false
python-versions = ">=3.7"
files = [
    {file = "sniffio-1.3.0-py3-none-any.whl", hash = "sha256:eecefdce1e5bbfb7ad2eeaabf7c1eeb404d7757c379bd1f7e5cce9d8bf425384"},
    {file = "sniffio-1.3.0.tar.gz", hash = "sha256:e60305c5e5d314f5389259b7f22aaa33d8f7dee49763119234af3755c55b9101"},
]

[[package]]
name = "wmi"
version = "1.5.1"
description = "Windows Management Instrumentation"
category = "main"
optional = false
python-versions = "*"
files = [
    {file = "WMI-1.5.1-py2.py3-none-any.whl", hash = "sha256:1d6b085e5c445141c475476000b661f60fff1aaa19f76bf82b7abb92e0ff4942"},
    {file = "WMI-1.5.1.tar.gz", hash = "sha256:b6a6be5711b1b6c8d55bda7a8befd75c48c12b770b9d227d31c1737dbf0d40a6"},
]

[package.dependencies]
pywin32 = "*"

[package.extras]
all = ["pytest", "sphinx", "twine", "wheel"]
dev = ["pytest", "sphinx", "twine", "wheel"]
docs = ["sphinx"]
package = ["twine", "wheel"]
tests = ["pytest"]

[metadata]
lock-version = "2.0"
python-versions = "^3.11"
content-hash = "991d12f0c1bdae0080c03515f51fe4688b46c4fcf703c31f4814800b0c8c4a86"
